// !$*UTF8*$!
{
	archiveVersion = 1;
	classes = {
	};
	objectVersion = 55;
	objects = {

/* Begin PBXBuildFile section */
		2267F425F1B4E9FF6C4114C8 /* Pods_Github_Action_WorkFlow_Sample_Tests.framework in Frameworks */ = {isa = PBXBuildFile; fileRef = DFA45D7ED4E52BDC007B54BD /* Pods_Github_Action_WorkFlow_Sample_Tests.framework */; };
		5A1BBAE62945F6B9008E6775 /* AppDelegate.swift in Sources */ = {isa = PBXBuildFile; fileRef = 5A1BBAE52945F6B9008E6775 /* AppDelegate.swift */; };
		5A1BBAEA2945F6B9008E6775 /* HomeViewController.swift in Sources */ = {isa = PBXBuildFile; fileRef = 5A1BBAE92945F6B9008E6775 /* HomeViewController.swift */; };
		5A1BBAED2945F6B9008E6775 /* Main.storyboard in Resources */ = {isa = PBXBuildFile; fileRef = 5A1BBAEB2945F6B9008E6775 /* Main.storyboard */; };
		5A1BBAEF2945F6BE008E6775 /* Assets.xcassets in Resources */ = {isa = PBXBuildFile; fileRef = 5A1BBAEE2945F6BE008E6775 /* Assets.xcassets */; };
		5A1BBAF22945F6BE008E6775 /* LaunchScreen.storyboard in Resources */ = {isa = PBXBuildFile; fileRef = 5A1BBAF02945F6BE008E6775 /* LaunchScreen.storyboard */; };
		5A1BBB042945F782008E6775 /* Github_Action_WorkFlow_Sample_Tests.swift in Sources */ = {isa = PBXBuildFile; fileRef = 5A1BBB032945F782008E6775 /* Github_Action_WorkFlow_Sample_Tests.swift */; };
		5A1BBB0C2945F813008E6775 /* HomeViewModel.swift in Sources */ = {isa = PBXBuildFile; fileRef = 5A1BBB0B2945F813008E6775 /* HomeViewModel.swift */; };
		5A1BBB0F2945FB8E008E6775 /* SwiftKeychainWrapper in Frameworks */ = {isa = PBXBuildFile; productRef = 5A1BBB0E2945FB8E008E6775 /* SwiftKeychainWrapper */; };
		B6403E031FD6D20F0D473F4C /* Pods_Github_Action_WorkFlow_Sample.framework in Frameworks */ = {isa = PBXBuildFile; fileRef = 9C463EFDD8C56DF3CFE00ED3 /* Pods_Github_Action_WorkFlow_Sample.framework */; };
/* End PBXBuildFile section */

/* Begin PBXContainerItemProxy section */
		5A1BBB052945F782008E6775 /* PBXContainerItemProxy */ = {
			isa = PBXContainerItemProxy;
			containerPortal = 5A1BBADA2945F6B9008E6775 /* Project object */;
			proxyType = 1;
			remoteGlobalIDString = 5A1BBAE12945F6B9008E6775;
			remoteInfo = "Github-Action-WorkFlow-Sample";
		};
/* End PBXContainerItemProxy section */

/* Begin PBXFileReference section */
		0ED6817CC2D8F0327E70FAB4 /* Pods-Github-Action-WorkFlow-Sample-Tests.debug.xcconfig */ = {isa = PBXFileReference; includeInIndex = 1; lastKnownFileType = text.xcconfig; name = "Pods-Github-Action-WorkFlow-Sample-Tests.debug.xcconfig"; path = "Target Support Files/Pods-Github-Action-WorkFlow-Sample-Tests/Pods-Github-Action-WorkFlow-Sample-Tests.debug.xcconfig"; sourceTree = "<group>"; };
		561E8E069DA381D880A61BE1 /* Pods-Github-Action-WorkFlow-Sample-Tests.release.xcconfig */ = {isa = PBXFileReference; includeInIndex = 1; lastKnownFileType = text.xcconfig; name = "Pods-Github-Action-WorkFlow-Sample-Tests.release.xcconfig"; path = "Target Support Files/Pods-Github-Action-WorkFlow-Sample-Tests/Pods-Github-Action-WorkFlow-Sample-Tests.release.xcconfig"; sourceTree = "<group>"; };
		5A1BBAE22945F6B9008E6775 /* Github-Action-WorkFlow-Sample.app */ = {isa = PBXFileReference; explicitFileType = wrapper.application; includeInIndex = 0; path = "Github-Action-WorkFlow-Sample.app"; sourceTree = BUILT_PRODUCTS_DIR; };
		5A1BBAE52945F6B9008E6775 /* AppDelegate.swift */ = {isa = PBXFileReference; lastKnownFileType = sourcecode.swift; path = AppDelegate.swift; sourceTree = "<group>"; };
		5A1BBAE92945F6B9008E6775 /* HomeViewController.swift */ = {isa = PBXFileReference; lastKnownFileType = sourcecode.swift; path = HomeViewController.swift; sourceTree = "<group>"; };
		5A1BBAEC2945F6B9008E6775 /* Base */ = {isa = PBXFileReference; lastKnownFileType = file.storyboard; name = Base; path = Base.lproj/Main.storyboard; sourceTree = "<group>"; };
		5A1BBAEE2945F6BE008E6775 /* Assets.xcassets */ = {isa = PBXFileReference; lastKnownFileType = folder.assetcatalog; path = Assets.xcassets; sourceTree = "<group>"; };
		5A1BBAF12945F6BE008E6775 /* Base */ = {isa = PBXFileReference; lastKnownFileType = file.storyboard; name = Base; path = Base.lproj/LaunchScreen.storyboard; sourceTree = "<group>"; };
		5A1BBAF32945F6BE008E6775 /* Info.plist */ = {isa = PBXFileReference; lastKnownFileType = text.plist.xml; path = Info.plist; sourceTree = "<group>"; };
		5A1BBB012945F782008E6775 /* Github-Action-WorkFlow-Sample-Tests.xctest */ = {isa = PBXFileReference; explicitFileType = wrapper.cfbundle; includeInIndex = 0; path = "Github-Action-WorkFlow-Sample-Tests.xctest"; sourceTree = BUILT_PRODUCTS_DIR; };
		5A1BBB032945F782008E6775 /* Github_Action_WorkFlow_Sample_Tests.swift */ = {isa = PBXFileReference; lastKnownFileType = sourcecode.swift; path = Github_Action_WorkFlow_Sample_Tests.swift; sourceTree = "<group>"; };
		5A1BBB0B2945F813008E6775 /* HomeViewModel.swift */ = {isa = PBXFileReference; lastKnownFileType = sourcecode.swift; path = HomeViewModel.swift; sourceTree = "<group>"; };
		85D5F2AF7AB6B8EDCC437019 /* Pods-Github-Action-WorkFlow-Sample.release.xcconfig */ = {isa = PBXFileReference; includeInIndex = 1; lastKnownFileType = text.xcconfig; name = "Pods-Github-Action-WorkFlow-Sample.release.xcconfig"; path = "Target Support Files/Pods-Github-Action-WorkFlow-Sample/Pods-Github-Action-WorkFlow-Sample.release.xcconfig"; sourceTree = "<group>"; };
		9C463EFDD8C56DF3CFE00ED3 /* Pods_Github_Action_WorkFlow_Sample.framework */ = {isa = PBXFileReference; explicitFileType = wrapper.framework; includeInIndex = 0; path = Pods_Github_Action_WorkFlow_Sample.framework; sourceTree = BUILT_PRODUCTS_DIR; };
		DFA45D7ED4E52BDC007B54BD /* Pods_Github_Action_WorkFlow_Sample_Tests.framework */ = {isa = PBXFileReference; explicitFileType = wrapper.framework; includeInIndex = 0; path = Pods_Github_Action_WorkFlow_Sample_Tests.framework; sourceTree = BUILT_PRODUCTS_DIR; };
		E8F05531021FADF4ECF56910 /* Pods-Github-Action-WorkFlow-Sample.debug.xcconfig */ = {isa = PBXFileReference; includeInIndex = 1; lastKnownFileType = text.xcconfig; name = "Pods-Github-Action-WorkFlow-Sample.debug.xcconfig"; path = "Target Support Files/Pods-Github-Action-WorkFlow-Sample/Pods-Github-Action-WorkFlow-Sample.debug.xcconfig"; sourceTree = "<group>"; };
/* End PBXFileReference section */

/* Begin PBXFrameworksBuildPhase section */
		5A1BBADF2945F6B9008E6775 /* Frameworks */ = {
			isa = PBXFrameworksBuildPhase;
			buildActionMask = 2147483647;
			files = (
				5A1BBB0F2945FB8E008E6775 /* SwiftKeychainWrapper in Frameworks */,
				B6403E031FD6D20F0D473F4C /* Pods_Github_Action_WorkFlow_Sample.framework in Frameworks */,
			);
			runOnlyForDeploymentPostprocessing = 0;
		};
		5A1BBAFE2945F782008E6775 /* Frameworks */ = {
			isa = PBXFrameworksBuildPhase;
			buildActionMask = 2147483647;
			files = (
				2267F425F1B4E9FF6C4114C8 /* Pods_Github_Action_WorkFlow_Sample_Tests.framework in Frameworks */,
			);
			runOnlyForDeploymentPostprocessing = 0;
		};
/* End PBXFrameworksBuildPhase section */

/* Begin PBXGroup section */
		5A1BBAD92945F6B9008E6775 = {
			isa = PBXGroup;
			children = (
				5A1BBAE42945F6B9008E6775 /* Github-Action-WorkFlow-Sample */,
				5A1BBB022945F782008E6775 /* Github-Action-WorkFlow-Sample-Tests */,
				5A1BBAE32945F6B9008E6775 /* Products */,
				BD4CEFBF4FC66BF9C2E2AE19 /* Pods */,
				7F7FDB9E8343C91E36D58672 /* Frameworks */,
			);
			sourceTree = "<group>";
		};
		5A1BBAE32945F6B9008E6775 /* Products */ = {
			isa = PBXGroup;
			children = (
				5A1BBAE22945F6B9008E6775 /* Github-Action-WorkFlow-Sample.app */,
				5A1BBB012945F782008E6775 /* Github-Action-WorkFlow-Sample-Tests.xctest */,
			);
			name = Products;
			sourceTree = "<group>";
		};
		5A1BBAE42945F6B9008E6775 /* Github-Action-WorkFlow-Sample */ = {
			isa = PBXGroup;
			children = (
				5A1BBB0A2945F801008E6775 /* ViewModel */,
				5A1BBAFB2945F6FB008E6775 /* AppDelegate */,
				5A1BBAFA2945F6EC008E6775 /* ViewController */,
				5A1BBAFC2945F706008E6775 /* Storyboard */,
				5A1BBAF92945F6D0008E6775 /* Global */,
			);
			path = "Github-Action-WorkFlow-Sample";
			sourceTree = "<group>";
		};
		5A1BBAF92945F6D0008E6775 /* Global */ = {
			isa = PBXGroup;
			children = (
				5A1BBAF02945F6BE008E6775 /* LaunchScreen.storyboard */,
				5A1BBAEE2945F6BE008E6775 /* Assets.xcassets */,
				5A1BBAF32945F6BE008E6775 /* Info.plist */,
			);
			path = Global;
			sourceTree = "<group>";
		};
		5A1BBAFA2945F6EC008E6775 /* ViewController */ = {
			isa = PBXGroup;
			children = (
				5A1BBAE92945F6B9008E6775 /* HomeViewController.swift */,
			);
			path = ViewController;
			sourceTree = "<group>";
		};
		5A1BBAFB2945F6FB008E6775 /* AppDelegate */ = {
			isa = PBXGroup;
			children = (
				5A1BBAE52945F6B9008E6775 /* AppDelegate.swift */,
			);
			path = AppDelegate;
			sourceTree = "<group>";
		};
		5A1BBAFC2945F706008E6775 /* Storyboard */ = {
			isa = PBXGroup;
			children = (
				5A1BBAEB2945F6B9008E6775 /* Main.storyboard */,
			);
			path = Storyboard;
			sourceTree = "<group>";
		};
		5A1BBB022945F782008E6775 /* Github-Action-WorkFlow-Sample-Tests */ = {
			isa = PBXGroup;
			children = (
				5A1BBB032945F782008E6775 /* Github_Action_WorkFlow_Sample_Tests.swift */,
			);
			path = "Github-Action-WorkFlow-Sample-Tests";
			sourceTree = "<group>";
		};
		5A1BBB0A2945F801008E6775 /* ViewModel */ = {
			isa = PBXGroup;
			children = (
				5A1BBB0B2945F813008E6775 /* HomeViewModel.swift */,
			);
			path = ViewModel;
			sourceTree = "<group>";
		};
		7F7FDB9E8343C91E36D58672 /* Frameworks */ = {
			isa = PBXGroup;
			children = (
				9C463EFDD8C56DF3CFE00ED3 /* Pods_Github_Action_WorkFlow_Sample.framework */,
				DFA45D7ED4E52BDC007B54BD /* Pods_Github_Action_WorkFlow_Sample_Tests.framework */,
			);
			name = Frameworks;
			sourceTree = "<group>";
		};
		BD4CEFBF4FC66BF9C2E2AE19 /* Pods */ = {
			isa = PBXGroup;
			children = (
				E8F05531021FADF4ECF56910 /* Pods-Github-Action-WorkFlow-Sample.debug.xcconfig */,
				85D5F2AF7AB6B8EDCC437019 /* Pods-Github-Action-WorkFlow-Sample.release.xcconfig */,
				0ED6817CC2D8F0327E70FAB4 /* Pods-Github-Action-WorkFlow-Sample-Tests.debug.xcconfig */,
				561E8E069DA381D880A61BE1 /* Pods-Github-Action-WorkFlow-Sample-Tests.release.xcconfig */,
			);
			name = Pods;
			path = Pods;
			sourceTree = "<group>";
		};
/* End PBXGroup section */

/* Begin PBXNativeTarget section */
		5A1BBAE12945F6B9008E6775 /* Github-Action-WorkFlow-Sample */ = {
			isa = PBXNativeTarget;
			buildConfigurationList = 5A1BBAF62945F6BE008E6775 /* Build configuration list for PBXNativeTarget "Github-Action-WorkFlow-Sample" */;
			buildPhases = (
				281C1EA092CBAA4E0F25ED7D /* [CP] Check Pods Manifest.lock */,
				5A1BBADE2945F6B9008E6775 /* Sources */,
				5A1BBADF2945F6B9008E6775 /* Frameworks */,
				5A1BBAE02945F6B9008E6775 /* Resources */,
				5E9DC890AC69E0FE42FE18C6 /* [CP] Embed Pods Frameworks */,
			);
			buildRules = (
			);
			dependencies = (
			);
			name = "Github-Action-WorkFlow-Sample";
			packageProductDependencies = (
				5A1BBB0E2945FB8E008E6775 /* SwiftKeychainWrapper */,
			);
			productName = "Github-Action-WorkFlow-Sample";
			productReference = 5A1BBAE22945F6B9008E6775 /* Github-Action-WorkFlow-Sample.app */;
			productType = "com.apple.product-type.application";
		};
		5A1BBB002945F782008E6775 /* Github-Action-WorkFlow-Sample-Tests */ = {
			isa = PBXNativeTarget;
			buildConfigurationList = 5A1BBB072945F782008E6775 /* Build configuration list for PBXNativeTarget "Github-Action-WorkFlow-Sample-Tests" */;
			buildPhases = (
				1CBC2C9764B20D6EC56E4CAE /* [CP] Check Pods Manifest.lock */,
				5A1BBAFD2945F782008E6775 /* Sources */,
				5A1BBAFE2945F782008E6775 /* Frameworks */,
				5A1BBAFF2945F782008E6775 /* Resources */,
			);
			buildRules = (
			);
			dependencies = (
				5A1BBB062945F782008E6775 /* PBXTargetDependency */,
			);
			name = "Github-Action-WorkFlow-Sample-Tests";
			productName = "Github-Action-WorkFlow-Sample-Tests";
			productReference = 5A1BBB012945F782008E6775 /* Github-Action-WorkFlow-Sample-Tests.xctest */;
			productType = "com.apple.product-type.bundle.unit-test";
		};
/* End PBXNativeTarget section */

/* Begin PBXProject section */
		5A1BBADA2945F6B9008E6775 /* Project object */ = {
			isa = PBXProject;
			attributes = {
				BuildIndependentTargetsInParallel = 1;
				LastSwiftUpdateCheck = 1340;
				LastUpgradeCheck = 1340;
				TargetAttributes = {
					5A1BBAE12945F6B9008E6775 = {
						CreatedOnToolsVersion = 13.4.1;
					};
					5A1BBB002945F782008E6775 = {
						CreatedOnToolsVersion = 13.4.1;
						TestTargetID = 5A1BBAE12945F6B9008E6775;
					};
				};
			};
			buildConfigurationList = 5A1BBADD2945F6B9008E6775 /* Build configuration list for PBXProject "Github-Action-WorkFlow-Sample" */;
			compatibilityVersion = "Xcode 13.0";
			developmentRegion = en;
			hasScannedForEncodings = 0;
			knownRegions = (
				en,
				Base,
			);
			mainGroup = 5A1BBAD92945F6B9008E6775;
			packageReferences = (
				5A1BBB0D2945FB8E008E6775 /* XCRemoteSwiftPackageReference "SwiftKeychainWrapper" */,
			);
			productRefGroup = 5A1BBAE32945F6B9008E6775 /* Products */;
			projectDirPath = "";
			projectRoot = "";
			targets = (
				5A1BBAE12945F6B9008E6775 /* Github-Action-WorkFlow-Sample */,
				5A1BBB002945F782008E6775 /* Github-Action-WorkFlow-Sample-Tests */,
			);
		};
/* End PBXProject section */

/* Begin PBXResourcesBuildPhase section */
		5A1BBAE02945F6B9008E6775 /* Resources */ = {
			isa = PBXResourcesBuildPhase;
			buildActionMask = 2147483647;
			files = (
				5A1BBAF22945F6BE008E6775 /* LaunchScreen.storyboard in Resources */,
				5A1BBAEF2945F6BE008E6775 /* Assets.xcassets in Resources */,
				5A1BBAED2945F6B9008E6775 /* Main.storyboard in Resources */,
			);
			runOnlyForDeploymentPostprocessing = 0;
		};
		5A1BBAFF2945F782008E6775 /* Resources */ = {
			isa = PBXResourcesBuildPhase;
			buildActionMask = 2147483647;
			files = (
			);
			runOnlyForDeploymentPostprocessing = 0;
		};
/* End PBXResourcesBuildPhase section */

/* Begin PBXShellScriptBuildPhase section */
		1CBC2C9764B20D6EC56E4CAE /* [CP] Check Pods Manifest.lock */ = {
			isa = PBXShellScriptBuildPhase;
			buildActionMask = 2147483647;
			files = (
			);
			inputFileListPaths = (
			);
			inputPaths = (
				"${PODS_PODFILE_DIR_PATH}/Podfile.lock",
				"${PODS_ROOT}/Manifest.lock",
			);
			name = "[CP] Check Pods Manifest.lock";
			outputFileListPaths = (
			);
			outputPaths = (
				"$(DERIVED_FILE_DIR)/Pods-Github-Action-WorkFlow-Sample-Tests-checkManifestLockResult.txt",
			);
			runOnlyForDeploymentPostprocessing = 0;
			shellPath = /bin/sh;
			shellScript = "diff \"${PODS_PODFILE_DIR_PATH}/Podfile.lock\" \"${PODS_ROOT}/Manifest.lock\" > /dev/null\nif [ $? != 0 ] ; then\n    # print error to STDERR\n    echo \"error: The sandbox is not in sync with the Podfile.lock. Run 'pod install' or update your CocoaPods installation.\" >&2\n    exit 1\nfi\n# This output is used by Xcode 'outputs' to avoid re-running this script phase.\necho \"SUCCESS\" > \"${SCRIPT_OUTPUT_FILE_0}\"\n";
			showEnvVarsInLog = 0;
		};
		281C1EA092CBAA4E0F25ED7D /* [CP] Check Pods Manifest.lock */ = {
			isa = PBXShellScriptBuildPhase;
			buildActionMask = 2147483647;
			files = (
			);
			inputFileListPaths = (
			);
			inputPaths = (
				"${PODS_PODFILE_DIR_PATH}/Podfile.lock",
				"${PODS_ROOT}/Manifest.lock",
			);
			name = "[CP] Check Pods Manifest.lock";
			outputFileListPaths = (
			);
			outputPaths = (
				"$(DERIVED_FILE_DIR)/Pods-Github-Action-WorkFlow-Sample-checkManifestLockResult.txt",
			);
			runOnlyForDeploymentPostprocessing = 0;
			shellPath = /bin/sh;
			shellScript = "diff \"${PODS_PODFILE_DIR_PATH}/Podfile.lock\" \"${PODS_ROOT}/Manifest.lock\" > /dev/null\nif [ $? != 0 ] ; then\n    # print error to STDERR\n    echo \"error: The sandbox is not in sync with the Podfile.lock. Run 'pod install' or update your CocoaPods installation.\" >&2\n    exit 1\nfi\n# This output is used by Xcode 'outputs' to avoid re-running this script phase.\necho \"SUCCESS\" > \"${SCRIPT_OUTPUT_FILE_0}\"\n";
			showEnvVarsInLog = 0;
		};
		5E9DC890AC69E0FE42FE18C6 /* [CP] Embed Pods Frameworks */ = {
			isa = PBXShellScriptBuildPhase;
			buildActionMask = 2147483647;
			files = (
			);
			inputFileListPaths = (
				"${PODS_ROOT}/Target Support Files/Pods-Github-Action-WorkFlow-Sample/Pods-Github-Action-WorkFlow-Sample-frameworks-${CONFIGURATION}-input-files.xcfilelist",
			);
			name = "[CP] Embed Pods Frameworks";
			outputFileListPaths = (
				"${PODS_ROOT}/Target Support Files/Pods-Github-Action-WorkFlow-Sample/Pods-Github-Action-WorkFlow-Sample-frameworks-${CONFIGURATION}-output-files.xcfilelist",
			);
			runOnlyForDeploymentPostprocessing = 0;
			shellPath = /bin/sh;
			shellScript = "\"${PODS_ROOT}/Target Support Files/Pods-Github-Action-WorkFlow-Sample/Pods-Github-Action-WorkFlow-Sample-frameworks.sh\"\n";
			showEnvVarsInLog = 0;
		};
/* End PBXShellScriptBuildPhase section */

/* Begin PBXSourcesBuildPhase section */
		5A1BBADE2945F6B9008E6775 /* Sources */ = {
			isa = PBXSourcesBuildPhase;
			buildActionMask = 2147483647;
			files = (
				5A1BBAEA2945F6B9008E6775 /* HomeViewController.swift in Sources */,
				5A1BBB0C2945F813008E6775 /* HomeViewModel.swift in Sources */,
				5A1BBAE62945F6B9008E6775 /* AppDelegate.swift in Sources */,
			);
			runOnlyForDeploymentPostprocessing = 0;
		};
		5A1BBAFD2945F782008E6775 /* Sources */ = {
			isa = PBXSourcesBuildPhase;
			buildActionMask = 2147483647;
			files = (
				5A1BBB042945F782008E6775 /* Github_Action_WorkFlow_Sample_Tests.swift in Sources */,
			);
			runOnlyForDeploymentPostprocessing = 0;
		};
/* End PBXSourcesBuildPhase section */

/* Begin PBXTargetDependency section */
		5A1BBB062945F782008E6775 /* PBXTargetDependency */ = {
			isa = PBXTargetDependency;
			target = 5A1BBAE12945F6B9008E6775 /* Github-Action-WorkFlow-Sample */;
			targetProxy = 5A1BBB052945F782008E6775 /* PBXContainerItemProxy */;
		};
/* End PBXTargetDependency section */

/* Begin PBXVariantGroup section */
		5A1BBAEB2945F6B9008E6775 /* Main.storyboard */ = {
			isa = PBXVariantGroup;
			children = (
				5A1BBAEC2945F6B9008E6775 /* Base */,
			);
			name = Main.storyboard;
			sourceTree = "<group>";
		};
		5A1BBAF02945F6BE008E6775 /* LaunchScreen.storyboard */ = {
			isa = PBXVariantGroup;
			children = (
				5A1BBAF12945F6BE008E6775 /* Base */,
			);
			name = LaunchScreen.storyboard;
			sourceTree = "<group>";
		};
/* End PBXVariantGroup section */

/* Begin XCBuildConfiguration section */
		5A1BBAF42945F6BE008E6775 /* Debug */ = {
			isa = XCBuildConfiguration;
			buildSettings = {
				ALWAYS_SEARCH_USER_PATHS = NO;
				CLANG_ANALYZER_NONNULL = YES;
				CLANG_ANALYZER_NUMBER_OBJECT_CONVERSION = YES_AGGRESSIVE;
				CLANG_CXX_LANGUAGE_STANDARD = "gnu++17";
				CLANG_ENABLE_MODULES = YES;
				CLANG_ENABLE_OBJC_ARC = YES;
				CLANG_ENABLE_OBJC_WEAK = YES;
				CLANG_WARN_BLOCK_CAPTURE_AUTORELEASING = YES;
				CLANG_WARN_BOOL_CONVERSION = YES;
				CLANG_WARN_COMMA = YES;
				CLANG_WARN_CONSTANT_CONVERSION = YES;
				CLANG_WARN_DEPRECATED_OBJC_IMPLEMENTATIONS = YES;
				CLANG_WARN_DIRECT_OBJC_ISA_USAGE = YES_ERROR;
				CLANG_WARN_DOCUMENTATION_COMMENTS = YES;
				CLANG_WARN_EMPTY_BODY = YES;
				CLANG_WARN_ENUM_CONVERSION = YES;
				CLANG_WARN_INFINITE_RECURSION = YES;
				CLANG_WARN_INT_CONVERSION = YES;
				CLANG_WARN_NON_LITERAL_NULL_CONVERSION = YES;
				CLANG_WARN_OBJC_IMPLICIT_RETAIN_SELF = YES;
				CLANG_WARN_OBJC_LITERAL_CONVERSION = YES;
				CLANG_WARN_OBJC_ROOT_CLASS = YES_ERROR;
				CLANG_WARN_QUOTED_INCLUDE_IN_FRAMEWORK_HEADER = YES;
				CLANG_WARN_RANGE_LOOP_ANALYSIS = YES;
				CLANG_WARN_STRICT_PROTOTYPES = YES;
				CLANG_WARN_SUSPICIOUS_MOVE = YES;
				CLANG_WARN_UNGUARDED_AVAILABILITY = YES_AGGRESSIVE;
				CLANG_WARN_UNREACHABLE_CODE = YES;
				CLANG_WARN__DUPLICATE_METHOD_MATCH = YES;
				COPY_PHASE_STRIP = NO;
				DEBUG_INFORMATION_FORMAT = dwarf;
				ENABLE_STRICT_OBJC_MSGSEND = YES;
				ENABLE_TESTABILITY = YES;
				GCC_C_LANGUAGE_STANDARD = gnu11;
				GCC_DYNAMIC_NO_PIC = NO;
				GCC_NO_COMMON_BLOCKS = YES;
				GCC_OPTIMIZATION_LEVEL = 0;
				GCC_PREPROCESSOR_DEFINITIONS = (
					"DEBUG=1",
					"$(inherited)",
				);
				GCC_WARN_64_TO_32_BIT_CONVERSION = YES;
				GCC_WARN_ABOUT_RETURN_TYPE = YES_ERROR;
				GCC_WARN_UNDECLARED_SELECTOR = YES;
				GCC_WARN_UNINITIALIZED_AUTOS = YES_AGGRESSIVE;
				GCC_WARN_UNUSED_FUNCTION = YES;
				GCC_WARN_UNUSED_VARIABLE = YES;
				IPHONEOS_DEPLOYMENT_TARGET = 15.5;
				MTL_ENABLE_DEBUG_INFO = INCLUDE_SOURCE;
				MTL_FAST_MATH = YES;
				ONLY_ACTIVE_ARCH = YES;
				SDKROOT = iphoneos;
				SWIFT_ACTIVE_COMPILATION_CONDITIONS = DEBUG;
				SWIFT_OPTIMIZATION_LEVEL = "-Onone";
			};
			name = Debug;
		};
		5A1BBAF52945F6BE008E6775 /* Release */ = {
			isa = XCBuildConfiguration;
			buildSettings = {
				ALWAYS_SEARCH_USER_PATHS = NO;
				CLANG_ANALYZER_NONNULL = YES;
				CLANG_ANALYZER_NUMBER_OBJECT_CONVERSION = YES_AGGRESSIVE;
				CLANG_CXX_LANGUAGE_STANDARD = "gnu++17";
				CLANG_ENABLE_MODULES = YES;
				CLANG_ENABLE_OBJC_ARC = YES;
				CLANG_ENABLE_OBJC_WEAK = YES;
				CLANG_WARN_BLOCK_CAPTURE_AUTORELEASING = YES;
				CLANG_WARN_BOOL_CONVERSION = YES;
				CLANG_WARN_COMMA = YES;
				CLANG_WARN_CONSTANT_CONVERSION = YES;
				CLANG_WARN_DEPRECATED_OBJC_IMPLEMENTATIONS = YES;
				CLANG_WARN_DIRECT_OBJC_ISA_USAGE = YES_ERROR;
				CLANG_WARN_DOCUMENTATION_COMMENTS = YES;
				CLANG_WARN_EMPTY_BODY = YES;
				CLANG_WARN_ENUM_CONVERSION = YES;
				CLANG_WARN_INFINITE_RECURSION = YES;
				CLANG_WARN_INT_CONVERSION = YES;
				CLANG_WARN_NON_LITERAL_NULL_CONVERSION = YES;
				CLANG_WARN_OBJC_IMPLICIT_RETAIN_SELF = YES;
				CLANG_WARN_OBJC_LITERAL_CONVERSION = YES;
				CLANG_WARN_OBJC_ROOT_CLASS = YES_ERROR;
				CLANG_WARN_QUOTED_INCLUDE_IN_FRAMEWORK_HEADER = YES;
				CLANG_WARN_RANGE_LOOP_ANALYSIS = YES;
				CLANG_WARN_STRICT_PROTOTYPES = YES;
				CLANG_WARN_SUSPICIOUS_MOVE = YES;
				CLANG_WARN_UNGUARDED_AVAILABILITY = YES_AGGRESSIVE;
				CLANG_WARN_UNREACHABLE_CODE = YES;
				CLANG_WARN__DUPLICATE_METHOD_MATCH = YES;
				COPY_PHASE_STRIP = NO;
				DEBUG_INFORMATION_FORMAT = "dwarf-with-dsym";
				ENABLE_NS_ASSERTIONS = NO;
				ENABLE_STRICT_OBJC_MSGSEND = YES;
				GCC_C_LANGUAGE_STANDARD = gnu11;
				GCC_NO_COMMON_BLOCKS = YES;
				GCC_WARN_64_TO_32_BIT_CONVERSION = YES;
				GCC_WARN_ABOUT_RETURN_TYPE = YES_ERROR;
				GCC_WARN_UNDECLARED_SELECTOR = YES;
				GCC_WARN_UNINITIALIZED_AUTOS = YES_AGGRESSIVE;
				GCC_WARN_UNUSED_FUNCTION = YES;
				GCC_WARN_UNUSED_VARIABLE = YES;
				IPHONEOS_DEPLOYMENT_TARGET = 15.5;
				MTL_ENABLE_DEBUG_INFO = NO;
				MTL_FAST_MATH = YES;
				SDKROOT = iphoneos;
				SWIFT_COMPILATION_MODE = wholemodule;
				SWIFT_OPTIMIZATION_LEVEL = "-O";
				VALIDATE_PRODUCT = YES;
			};
			name = Release;
		};
		5A1BBAF72945F6BE008E6775 /* Debug */ = {
			isa = XCBuildConfiguration;
			baseConfigurationReference = E8F05531021FADF4ECF56910 /* Pods-Github-Action-WorkFlow-Sample.debug.xcconfig */;
			buildSettings = {
				ASSETCATALOG_COMPILER_APPICON_NAME = AppIcon;
				ASSETCATALOG_COMPILER_GLOBAL_ACCENT_COLOR_NAME = AccentColor;
				CODE_SIGN_STYLE = Automatic;
				CURRENT_PROJECT_VERSION = 1;
				GENERATE_INFOPLIST_FILE = YES;
				INFOPLIST_FILE = "Github-Action-WorkFlow-Sample/Global/Info.plist";
				INFOPLIST_KEY_UIApplicationSupportsIndirectInputEvents = YES;
				INFOPLIST_KEY_UILaunchStoryboardName = LaunchScreen;
				INFOPLIST_KEY_UIMainStoryboardFile = Main;
				INFOPLIST_KEY_UISupportedInterfaceOrientations_iPad = "UIInterfaceOrientationPortrait UIInterfaceOrientationPortraitUpsideDown UIInterfaceOrientationLandscapeLeft UIInterfaceOrientationLandscapeRight";
				INFOPLIST_KEY_UISupportedInterfaceOrientations_iPhone = "UIInterfaceOrientationPortrait UIInterfaceOrientationLandscapeLeft UIInterfaceOrientationLandscapeRight";
				IPHONEOS_DEPLOYMENT_TARGET = 12.1;
				LD_RUNPATH_SEARCH_PATHS = (
					"$(inherited)",
					"@executable_path/Frameworks",
				);
				MARKETING_VERSION = 1.0;
				PRODUCT_BUNDLE_IDENTIFIER = "Sparkout-Tech-Solution-Pvt-Ltd..Github-Action-WorkFlow-Sample";
				PRODUCT_NAME = "$(TARGET_NAME)";
				SWIFT_EMIT_LOC_STRINGS = YES;
				SWIFT_VERSION = 5.0;
				TARGETED_DEVICE_FAMILY = 1;
			};
			name = Debug;
		};
		5A1BBAF82945F6BE008E6775 /* Release */ = {
			isa = XCBuildConfiguration;
			baseConfigurationReference = 85D5F2AF7AB6B8EDCC437019 /* Pods-Github-Action-WorkFlow-Sample.release.xcconfig */;
			buildSettings = {
				ASSETCATALOG_COMPILER_APPICON_NAME = AppIcon;
				ASSETCATALOG_COMPILER_GLOBAL_ACCENT_COLOR_NAME = AccentColor;
				CODE_SIGN_STYLE = Automatic;
				CURRENT_PROJECT_VERSION = 1;
				GENERATE_INFOPLIST_FILE = YES;
				INFOPLIST_FILE = "Github-Action-WorkFlow-Sample/Global/Info.plist";
				INFOPLIST_KEY_UIApplicationSupportsIndirectInputEvents = YES;
				INFOPLIST_KEY_UILaunchStoryboardName = LaunchScreen;
				INFOPLIST_KEY_UIMainStoryboardFile = Main;
				INFOPLIST_KEY_UISupportedInterfaceOrientations_iPad = "UIInterfaceOrientationPortrait UIInterfaceOrientationPortraitUpsideDown UIInterfaceOrientationLandscapeLeft UIInterfaceOrientationLandscapeRight";
				INFOPLIST_KEY_UISupportedInterfaceOrientations_iPhone = "UIInterfaceOrientationPortrait UIInterfaceOrientationLandscapeLeft UIInterfaceOrientationLandscapeRight";
				IPHONEOS_DEPLOYMENT_TARGET = 12.1;
				LD_RUNPATH_SEARCH_PATHS = (
					"$(inherited)",
					"@executable_path/Frameworks",
				);
				MARKETING_VERSION = 1.0;
				PRODUCT_BUNDLE_IDENTIFIER = "Sparkout-Tech-Solution-Pvt-Ltd..Github-Action-WorkFlow-Sample";
				PRODUCT_NAME = "$(TARGET_NAME)";
				SWIFT_EMIT_LOC_STRINGS = YES;
				SWIFT_VERSION = 5.0;
				TARGETED_DEVICE_FAMILY = 1;
			};
			name = Release;
		};
		5A1BBB082945F782008E6775 /* Debug */ = {
			isa = XCBuildConfiguration;
			baseConfigurationReference = 0ED6817CC2D8F0327E70FAB4 /* Pods-Github-Action-WorkFlow-Sample-Tests.debug.xcconfig */;
			buildSettings = {
				BUNDLE_LOADER = "$(TEST_HOST)";
				CODE_SIGN_STYLE = Automatic;
				CURRENT_PROJECT_VERSION = 1;
				GENERATE_INFOPLIST_FILE = YES;
				MARKETING_VERSION = 1.0;
				PRODUCT_BUNDLE_IDENTIFIER = "Sparkout-Tech-Solution-Pvt-Ltd..Github-Action-WorkFlow-Sample-Tests";
				PRODUCT_NAME = "$(TARGET_NAME)";
				SWIFT_EMIT_LOC_STRINGS = NO;
				SWIFT_VERSION = 5.0;
				TARGETED_DEVICE_FAMILY = "1,2";
				TEST_HOST = "$(BUILT_PRODUCTS_DIR)/Github-Action-WorkFlow-Sample.app/Github-Action-WorkFlow-Sample";
			};
			name = Debug;
		};
		5A1BBB092945F782008E6775 /* Release */ = {
			isa = XCBuildConfiguration;
			baseConfigurationReference = 561E8E069DA381D880A61BE1 /* Pods-Github-Action-WorkFlow-Sample-Tests.release.xcconfig */;
			buildSettings = {
				BUNDLE_LOADER = "$(TEST_HOST)";
				CODE_SIGN_STYLE = Automatic;
				CURRENT_PROJECT_VERSION = 1;
				GENERATE_INFOPLIST_FILE = YES;
				MARKETING_VERSION = 1.0;
				PRODUCT_BUNDLE_IDENTIFIER = "Sparkout-Tech-Solution-Pvt-Ltd..Github-Action-WorkFlow-Sample-Tests";
				PRODUCT_NAME = "$(TARGET_NAME)";
				SWIFT_EMIT_LOC_STRINGS = NO;
				SWIFT_VERSION = 5.0;
				TARGETED_DEVICE_FAMILY = "1,2";
				TEST_HOST = "$(BUILT_PRODUCTS_DIR)/Github-Action-WorkFlow-Sample.app/Github-Action-WorkFlow-Sample";
			};
			name = Release;
		};
/* End XCBuildConfiguration section */

/* Begin XCConfigurationList section */
		5A1BBADD2945F6B9008E6775 /* Build configuration list for PBXProject "Github-Action-WorkFlow-Sample" */ = {
			isa = XCConfigurationList;
			buildConfigurations = (
				5A1BBAF42945F6BE008E6775 /* Debug */,
				5A1BBAF52945F6BE008E6775 /* Release */,
			);
			defaultConfigurationIsVisible = 0;
			defaultConfigurationName = Release;
		};
		5A1BBAF62945F6BE008E6775 /* Build configuration list for PBXNativeTarget "Github-Action-WorkFlow-Sample" */ = {
			isa = XCConfigurationList;
			buildConfigurations = (
				5A1BBAF72945F6BE008E6775 /* Debug */,
				5A1BBAF82945F6BE008E6775 /* Release */,
			);
			defaultConfigurationIsVisible = 0;
			defaultConfigurationName = Release;
		};
		5A1BBB072945F782008E6775 /* Build configuration list for PBXNativeTarget "Github-Action-WorkFlow-Sample-Tests" */ = {
			isa = XCConfigurationList;
			buildConfigurations = (
				5A1BBB082945F782008E6775 /* Debug */,
				5A1BBB092945F782008E6775 /* Release */,
			);
			defaultConfigurationIsVisible = 0;
			defaultConfigurationName = Release;
		};
/* End XCConfigurationList section */

/* Begin XCRemoteSwiftPackageReference section */
		5A1BBB0D2945FB8E008E6775 /* XCRemoteSwiftPackageReference "SwiftKeychainWrapper" */ = {
			isa = XCRemoteSwiftPackageReference;
			repositoryURL = "https://github.com/jrendel/SwiftKeychainWrapper";
			requirement = {
				kind = upToNextMajorVersion;
				minimumVersion = 4.0.0;
			};
		};
/* End XCRemoteSwiftPackageReference section */

/* Begin XCSwiftPackageProductDependency section */
		5A1BBB0E2945FB8E008E6775 /* SwiftKeychainWrapper */ = {
			isa = XCSwiftPackageProductDependency;
			package = 5A1BBB0D2945FB8E008E6775 /* XCRemoteSwiftPackageReference "SwiftKeychainWrapper" */;
			productName = SwiftKeychainWrapper;
		};
/* End XCSwiftPackageProductDependency section */
	};
	rootObject = 5A1BBADA2945F6B9008E6775 /* Project object */;
}
